Microsoft Visual Studio Solution File, Format Version 12.00
# Visual Studio Version 17
VisualStudioVersion = 17.5.2.0
MinimumVisualStudioVersion = 10.0.40219.1
Project("{2150E333-8FDC-42A3-9474-1A3956D46DE8}") = "ProductionSystem", "ProductionSystem", "{B57F64CD-88CA-70DF-EF46-63BC75FBA174}"
EndProject
Project("{FAE04EC0-301F-11D3-BF4B-00C04F79EFBC}") = "ProductionSystem", "ProductionSystem\ProductionSystem\ProductionSystem.csproj", "{A3D45F60-8016-B12E-2B18-BBC1780E2EDA}"
EndProject
Global
	GlobalSection(SolutionConfigurationPlatforms) = preSolution
		Debug|Any CPU = Debug|Any CPU
		Release|Any CPU = Release|Any CPU
	EndGlobalSection
	GlobalSection(ProjectConfigurationPlatforms) = postSolution
		{A3D45F60-8016-B12E-2B18-BBC1780E2EDA}.Debug|Any CPU.ActiveCfg = Debug|Any CPU
		{A3D45F60-8016-B12E-2B18-BBC1780E2EDA}.Debug|Any CPU.Build.0 = Debug|Any CPU
		{A3D45F60-8016-B12E-2B18-BBC1780E2EDA}.Release|Any CPU.ActiveCfg = Release|Any CPU
		{A3D45F60-8016-B12E-2B18-BBC1780E2EDA}.Release|Any CPU.Build.0 = Release|Any CPU
	EndGlobalSection
	GlobalSection(SolutionProperties) = preSolution
		HideSolutionNode = FALSE
	EndGlobalSection
	GlobalSection(NestedProjects) = preSolution
		{A3D45F60-8016-B12E-2B18-BBC1780E2EDA} = {B57F64CD-88CA-70DF-EF46-63BC75FBA174}
	EndGlobalSection
	GlobalSection(ExtensibilityGlobals) = postSolution
		SolutionGuid = {FD78DF65-D059-41B7-BE68-F4BF51D90C04}
	EndGlobalSection
EndGlobal
