Microsoft Visual Studio Solution File, Format Version 12.00
# Visual Studio Version 17
VisualStudioVersion = 17.5.2.0
MinimumVisualStudioVersion = 10.0.40219.1
Project("{2150E333-8FDC-42A3-9474-1A3956D46DE8}") = "ProductionSystem", "ProductionSystem", "{B57F64CD-88CA-70DF-EF46-63BC75FBA174}"
EndProject
Project("{FAE04EC0-301F-11D3-BF4B-00C04F79EFBC}") = "AgvPlugin", "ProductionSystem\AgvPlugin\AgvPlugin.csproj", "{8B45E256-ABB1-5D78-9873-C9B7881DE17F}"
EndProject
Project("{2150E333-8FDC-42A3-9474-1A3956D46DE8}") = "APIControllerPlugin", "APIControllerPlugin", "{70C40A86-2AC6-02C1-547F-FF4DE5EDB0C6}"
EndProject
Project("{FAE04EC0-301F-11D3-BF4B-00C04F79EFBC}") = "RestAPIPlugin", "ProductionSystem\APIControllerPlugin\RestAPIPlugin.csproj", "{C5CF7DED-4A41-A1DD-3FB4-7964B2F09B8F}"
EndProject
Project("{FAE04EC0-301F-11D3-BF4B-00C04F79EFBC}") = "AssemblyPlugin", "ProductionSystem\AssemblyPlugin\AssemblyPlugin.csproj", "{DCBF3FC7-C73C-09CD-F97F-666E51AD14B3}"
EndProject
Project("{FAE04EC0-301F-11D3-BF4B-00C04F79EFBC}") = "Common", "ProductionSystem\Common\Common.csproj", "{C443D4C3-A223-06B9-150F-0007FC761A1C}"
EndProject
Project("{FAE04EC0-301F-11D3-BF4B-00C04F79EFBC}") = "Common.AssetController", "ProductionSystem\Common.AssetController\Common.AssetController.csproj", "{F422FEF6-5899-F73D-8921-87C565F1917D}"
EndProject
Project("{FAE04EC0-301F-11D3-BF4B-00C04F79EFBC}") = "Common.MonitorDataSource", "ProductionSystem\Common.MonitorDataSource\Common.MonitorDataSource.csproj", "{C2BC62A5-C71C-7854-D5CB-5AE524E9657B}"
EndProject
Project("{2150E333-8FDC-42A3-9474-1A3956D46DE8}") = "Common.ProductionDataSource", "Common.ProductionDataSource", "{F09E5DC0-0230-F184-6975-BF7E97953616}"
EndProject
Project("{FAE04EC0-301F-11D3-BF4B-00C04F79EFBC}") = "Common.DataSource", "ProductionSystem\Common.ProductionDataSource\Common.DataSource.csproj", "{D61616EF-6B30-5109-29B1-6EAF7D1968BD}"
EndProject
Project("{FAE04EC0-301F-11D3-BF4B-00C04F79EFBC}") = "Common.ProductionHandler", "ProductionSystem\Common.ProductionHandler\Common.ProductionHandler.csproj", "{68B58FE2-3537-29DD-3991-17124D76B228}"
EndProject
Project("{FAE04EC0-301F-11D3-BF4B-00C04F79EFBC}") = "Common.PubSubDataSource", "ProductionSystem\Common.PubSubDataSource\Common.PubSubDataSource.csproj", "{257EF3BE-B268-02AB-F7D8-F0F6D326AEC6}"
EndProject
Project("{FAE04EC0-301F-11D3-BF4B-00C04F79EFBC}") = "PluginHost", "ProductionSystem\PluginHost\PluginHost.csproj", "{464837AC-3B97-AD70-51BC-8ACDB5F91261}"
EndProject
Project("{2150E333-8FDC-42A3-9474-1A3956D46DE8}") = "ProductionDataHandlerPlugin", "ProductionDataHandlerPlugin", "{581B0493-AB8B-0E9E-772D-CDBCCF775F74}"
EndProject
Project("{FAE04EC0-301F-11D3-BF4B-00C04F79EFBC}") = "DataHandlerPlugin", "ProductionSystem\ProductionDataHandlerPlugin\DataHandlerPlugin.csproj", "{9DCA49F8-77D7-A4FF-C3E7-204A5DE022F9}"
EndProject
Project("{FAE04EC0-301F-11D3-BF4B-00C04F79EFBC}") = "ProductionHandlerPlugin", "ProductionSystem\ProductionHandlerPlugin\ProductionHandlerPlugin.csproj", "{209241F6-205A-81B6-8698-B38FBD18AD00}"
EndProject
Project("{2150E333-8FDC-42A3-9474-1A3956D46DE8}") = "ProductionMonitoringPlugin", "ProductionMonitoringPlugin", "{21611EB8-0566-7DAA-3A8B-5683FD44ABC9}"
EndProject
Project("{FAE04EC0-301F-11D3-BF4B-00C04F79EFBC}") = "MonitoringPlugin", "ProductionSystem\ProductionMonitoringPlugin\MonitoringPlugin.csproj", "{828DC7FE-59F1-CAAF-FCC1-3491FBFDEDF2}"
EndProject
Project("{FAE04EC0-301F-11D3-BF4B-00C04F79EFBC}") = "PubSubControllerPlugin", "ProductionSystem\PubSubControllerPlugin\PubSubControllerPlugin.csproj", "{94894716-6191-A097-972E-26E476CB215B}"
EndProject
Project("{FAE04EC0-301F-11D3-BF4B-00C04F79EFBC}") = "WarehousePlugin", "ProductionSystem\WarehousePlugin\WarehousePlugin.csproj", "{4F29B91A-14EA-F122-4482-18D6C2EE1B6B}"
EndProject
Global
	GlobalSection(SolutionConfigurationPlatforms) = preSolution
		Debug|Any CPU = Debug|Any CPU
		Release|Any CPU = Release|Any CPU
	EndGlobalSection
	GlobalSection(ProjectConfigurationPlatforms) = postSolution
		{8B45E256-ABB1-5D78-9873-C9B7881DE17F}.Debug|Any CPU.ActiveCfg = Debug|Any CPU
		{8B45E256-ABB1-5D78-9873-C9B7881DE17F}.Debug|Any CPU.Build.0 = Debug|Any CPU
		{8B45E256-ABB1-5D78-9873-C9B7881DE17F}.Release|Any CPU.ActiveCfg = Release|Any CPU
		{8B45E256-ABB1-5D78-9873-C9B7881DE17F}.Release|Any CPU.Build.0 = Release|Any CPU
		{C5CF7DED-4A41-A1DD-3FB4-7964B2F09B8F}.Debug|Any CPU.ActiveCfg = Debug|Any CPU
		{C5CF7DED-4A41-A1DD-3FB4-7964B2F09B8F}.Debug|Any CPU.Build.0 = Debug|Any CPU
		{C5CF7DED-4A41-A1DD-3FB4-7964B2F09B8F}.Release|Any CPU.ActiveCfg = Release|Any CPU
		{C5CF7DED-4A41-A1DD-3FB4-7964B2F09B8F}.Release|Any CPU.Build.0 = Release|Any CPU
		{DCBF3FC7-C73C-09CD-F97F-666E51AD14B3}.Debug|Any CPU.ActiveCfg = Debug|Any CPU
		{DCBF3FC7-C73C-09CD-F97F-666E51AD14B3}.Debug|Any CPU.Build.0 = Debug|Any CPU
		{DCBF3FC7-C73C-09CD-F97F-666E51AD14B3}.Release|Any CPU.ActiveCfg = Release|Any CPU
		{DCBF3FC7-C73C-09CD-F97F-666E51AD14B3}.Release|Any CPU.Build.0 = Release|Any CPU
		{C443D4C3-A223-06B9-150F-0007FC761A1C}.Debug|Any CPU.ActiveCfg = Debug|Any CPU
		{C443D4C3-A223-06B9-150F-0007FC761A1C}.Debug|Any CPU.Build.0 = Debug|Any CPU
		{C443D4C3-A223-06B9-150F-0007FC761A1C}.Release|Any CPU.ActiveCfg = Release|Any CPU
		{C443D4C3-A223-06B9-150F-0007FC761A1C}.Release|Any CPU.Build.0 = Release|Any CPU
		{F422FEF6-5899-F73D-8921-87C565F1917D}.Debug|Any CPU.ActiveCfg = Debug|Any CPU
		{F422FEF6-5899-F73D-8921-87C565F1917D}.Debug|Any CPU.Build.0 = Debug|Any CPU
		{F422FEF6-5899-F73D-8921-87C565F1917D}.Release|Any CPU.ActiveCfg = Release|Any CPU
		{F422FEF6-5899-F73D-8921-87C565F1917D}.Release|Any CPU.Build.0 = Release|Any CPU
		{C2BC62A5-C71C-7854-D5CB-5AE524E9657B}.Debug|Any CPU.ActiveCfg = Debug|Any CPU
		{C2BC62A5-C71C-7854-D5CB-5AE524E9657B}.Debug|Any CPU.Build.0 = Debug|Any CPU
		{C2BC62A5-C71C-7854-D5CB-5AE524E9657B}.Release|Any CPU.ActiveCfg = Release|Any CPU
		{C2BC62A5-C71C-7854-D5CB-5AE524E9657B}.Release|Any CPU.Build.0 = Release|Any CPU
		{D61616EF-6B30-5109-29B1-6EAF7D1968BD}.Debug|Any CPU.ActiveCfg = Debug|Any CPU
		{D61616EF-6B30-5109-29B1-6EAF7D1968BD}.Debug|Any CPU.Build.0 = Debug|Any CPU
		{D61616EF-6B30-5109-29B1-6EAF7D1968BD}.Release|Any CPU.ActiveCfg = Release|Any CPU
		{D61616EF-6B30-5109-29B1-6EAF7D1968BD}.Release|Any CPU.Build.0 = Release|Any CPU
		{68B58FE2-3537-29DD-3991-17124D76B228}.Debug|Any CPU.ActiveCfg = Debug|Any CPU
		{68B58FE2-3537-29DD-3991-17124D76B228}.Debug|Any CPU.Build.0 = Debug|Any CPU
		{68B58FE2-3537-29DD-3991-17124D76B228}.Release|Any CPU.ActiveCfg = Release|Any CPU
		{68B58FE2-3537-29DD-3991-17124D76B228}.Release|Any CPU.Build.0 = Release|Any CPU
		{257EF3BE-B268-02AB-F7D8-F0F6D326AEC6}.Debug|Any CPU.ActiveCfg = Debug|Any CPU
		{257EF3BE-B268-02AB-F7D8-F0F6D326AEC6}.Debug|Any CPU.Build.0 = Debug|Any CPU
		{257EF3BE-B268-02AB-F7D8-F0F6D326AEC6}.Release|Any CPU.ActiveCfg = Release|Any CPU
		{257EF3BE-B268-02AB-F7D8-F0F6D326AEC6}.Release|Any CPU.Build.0 = Release|Any CPU
		{464837AC-3B97-AD70-51BC-8ACDB5F91261}.Debug|Any CPU.ActiveCfg = Debug|Any CPU
		{464837AC-3B97-AD70-51BC-8ACDB5F91261}.Debug|Any CPU.Build.0 = Debug|Any CPU
		{464837AC-3B97-AD70-51BC-8ACDB5F91261}.Release|Any CPU.ActiveCfg = Release|Any CPU
		{464837AC-3B97-AD70-51BC-8ACDB5F91261}.Release|Any CPU.Build.0 = Release|Any CPU
		{9DCA49F8-77D7-A4FF-C3E7-204A5DE022F9}.Debug|Any CPU.ActiveCfg = Debug|Any CPU
		{9DCA49F8-77D7-A4FF-C3E7-204A5DE022F9}.Debug|Any CPU.Build.0 = Debug|Any CPU
		{9DCA49F8-77D7-A4FF-C3E7-204A5DE022F9}.Release|Any CPU.ActiveCfg = Release|Any CPU
		{9DCA49F8-77D7-A4FF-C3E7-204A5DE022F9}.Release|Any CPU.Build.0 = Release|Any CPU
		{209241F6-205A-81B6-8698-B38FBD18AD00}.Debug|Any CPU.ActiveCfg = Debug|Any CPU
		{209241F6-205A-81B6-8698-B38FBD18AD00}.Debug|Any CPU.Build.0 = Debug|Any CPU
		{209241F6-205A-81B6-8698-B38FBD18AD00}.Release|Any CPU.ActiveCfg = Release|Any CPU
		{209241F6-205A-81B6-8698-B38FBD18AD00}.Release|Any CPU.Build.0 = Release|Any CPU
		{828DC7FE-59F1-CAAF-FCC1-3491FBFDEDF2}.Debug|Any CPU.ActiveCfg = Debug|Any CPU
		{828DC7FE-59F1-CAAF-FCC1-3491FBFDEDF2}.Debug|Any CPU.Build.0 = Debug|Any CPU
		{828DC7FE-59F1-CAAF-FCC1-3491FBFDEDF2}.Release|Any CPU.ActiveCfg = Release|Any CPU
		{828DC7FE-59F1-CAAF-FCC1-3491FBFDEDF2}.Release|Any CPU.Build.0 = Release|Any CPU
		{94894716-6191-A097-972E-26E476CB215B}.Debug|Any CPU.ActiveCfg = Debug|Any CPU
		{94894716-6191-A097-972E-26E476CB215B}.Debug|Any CPU.Build.0 = Debug|Any CPU
		{94894716-6191-A097-972E-26E476CB215B}.Release|Any CPU.ActiveCfg = Release|Any CPU
		{94894716-6191-A097-972E-26E476CB215B}.Release|Any CPU.Build.0 = Release|Any CPU
		{4F29B91A-14EA-F122-4482-18D6C2EE1B6B}.Debug|Any CPU.ActiveCfg = Debug|Any CPU
		{4F29B91A-14EA-F122-4482-18D6C2EE1B6B}.Debug|Any CPU.Build.0 = Debug|Any CPU
		{4F29B91A-14EA-F122-4482-18D6C2EE1B6B}.Release|Any CPU.ActiveCfg = Release|Any CPU
		{4F29B91A-14EA-F122-4482-18D6C2EE1B6B}.Release|Any CPU.Build.0 = Release|Any CPU
	EndGlobalSection
	GlobalSection(SolutionProperties) = preSolution
		HideSolutionNode = FALSE
	EndGlobalSection
	GlobalSection(NestedProjects) = preSolution
		{8B45E256-ABB1-5D78-9873-C9B7881DE17F} = {B57F64CD-88CA-70DF-EF46-63BC75FBA174}
		{70C40A86-2AC6-02C1-547F-FF4DE5EDB0C6} = {B57F64CD-88CA-70DF-EF46-63BC75FBA174}
		{C5CF7DED-4A41-A1DD-3FB4-7964B2F09B8F} = {70C40A86-2AC6-02C1-547F-FF4DE5EDB0C6}
		{DCBF3FC7-C73C-09CD-F97F-666E51AD14B3} = {B57F64CD-88CA-70DF-EF46-63BC75FBA174}
		{C443D4C3-A223-06B9-150F-0007FC761A1C} = {B57F64CD-88CA-70DF-EF46-63BC75FBA174}
		{F422FEF6-5899-F73D-8921-87C565F1917D} = {B57F64CD-88CA-70DF-EF46-63BC75FBA174}
		{C2BC62A5-C71C-7854-D5CB-5AE524E9657B} = {B57F64CD-88CA-70DF-EF46-63BC75FBA174}
		{F09E5DC0-0230-F184-6975-BF7E97953616} = {B57F64CD-88CA-70DF-EF46-63BC75FBA174}
		{D61616EF-6B30-5109-29B1-6EAF7D1968BD} = {F09E5DC0-0230-F184-6975-BF7E97953616}
		{68B58FE2-3537-29DD-3991-17124D76B228} = {B57F64CD-88CA-70DF-EF46-63BC75FBA174}
		{257EF3BE-B268-02AB-F7D8-F0F6D326AEC6} = {B57F64CD-88CA-70DF-EF46-63BC75FBA174}
		{464837AC-3B97-AD70-51BC-8ACDB5F91261} = {B57F64CD-88CA-70DF-EF46-63BC75FBA174}
		{581B0493-AB8B-0E9E-772D-CDBCCF775F74} = {B57F64CD-88CA-70DF-EF46-63BC75FBA174}
		{9DCA49F8-77D7-A4FF-C3E7-204A5DE022F9} = {581B0493-AB8B-0E9E-772D-CDBCCF775F74}
		{209241F6-205A-81B6-8698-B38FBD18AD00} = {B57F64CD-88CA-70DF-EF46-63BC75FBA174}
		{21611EB8-0566-7DAA-3A8B-5683FD44ABC9} = {B57F64CD-88CA-70DF-EF46-63BC75FBA174}
		{828DC7FE-59F1-CAAF-FCC1-3491FBFDEDF2} = {21611EB8-0566-7DAA-3A8B-5683FD44ABC9}
		{94894716-6191-A097-972E-26E476CB215B} = {B57F64CD-88CA-70DF-EF46-63BC75FBA174}
		{4F29B91A-14EA-F122-4482-18D6C2EE1B6B} = {B57F64CD-88CA-70DF-EF46-63BC75FBA174}
	EndGlobalSection
	GlobalSection(ExtensibilityGlobals) = postSolution
		SolutionGuid = {B728E857-F466-45E7-8A11-381D6E8691E5}
	EndGlobalSection
EndGlobal
